{
  "lockfile_version": "1",
  "packages": {
    "coreutils@latest": {
      "last_modified": "2024-09-12T11:58:09Z",
      "resolved": "github:NixOS/nixpkgs/280db3decab4cbeb22a4599bd472229ab74d25e1#coreutils",
      "source": "devbox-search",
      "version": "9.5",
      "systems": {
        "aarch64-darwin": {
          "outputs": [
            {
              "name": "out",
              "path": "/nix/store/1l41471x6rlf7l544s1bxkqqgpprd28m-coreutils-9.5",
              "default": true
            },
            {
              "name": "info",
              "path": "/nix/store/ps81dqzr6fxafmxih1834v545dh4apjm-coreutils-9.5-info"
            }
          ],
          "store_path": "/nix/store/1l41471x6rlf7l544s1bxkqqgpprd28m-coreutils-9.5"
        },
        "aarch64-linux": {
          "outputs": [
            {
              "name": "out",
              "path": "/nix/store/ssqdazslv2wjpybnk0pjwnpq0dfpa6q2-coreutils-9.5",
              "default": true
            },
            {
              "name": "debug",
              "path": "/nix/store/g66h1ajc1wx18milg2290yylbivq2jhd-coreutils-9.5-debug"
            },
            {
              "name": "info",
              "path": "/nix/store/y311wv5dlqakkq6hr3yl6zmiiprxb3v5-coreutils-9.5-info"
            }
          ],
          "store_path": "/nix/store/ssqdazslv2wjpybnk0pjwnpq0dfpa6q2-coreutils-9.5"
        },
        "x86_64-darwin": {
          "outputs": [
            {
              "name": "out",
              "path": "/nix/store/mw0amk6q5v2401y3s8zg7hxa2v0ia6vw-coreutils-9.5",
              "default": true
            },
            {
              "name": "info",
              "path": "/nix/store/jgslj3bb2rs55xaaxarqwsg7bppfxg8p-coreutils-9.5-info"
            }
          ],
          "store_path": "/nix/store/mw0amk6q5v2401y3s8zg7hxa2v0ia6vw-coreutils-9.5"
        },
        "x86_64-linux": {
          "outputs": [
            {
              "name": "out",
              "path": "/nix/store/0kg70swgpg45ipcz3pr2siidq9fn6d77-coreutils-9.5",
              "default": true
            },
            {
              "name": "debug",
              "path": "/nix/store/73i7cdbz2w862wx1gfxxvyrw95rmmwl3-coreutils-9.5-debug"
            },
            {
              "name": "info",
              "path": "/nix/store/p1mj9zdizsa605xsy3jjx4db4ya1wnix-coreutils-9.5-info"
            }
          ],
          "store_path": "/nix/store/0kg70swgpg45ipcz3pr2siidq9fn6d77-coreutils-9.5"
        }
      }
    },
    "curl@latest": {
      "last_modified": "2024-10-09T11:07:23Z",
      "resolved": "github:NixOS/nixpkgs/4fa56ac6d86a213b556d4db9b1cb43a51b3e40ec#curl",
      "source": "devbox-search",
      "version": "8.9.1",
      "systems": {
        "aarch64-darwin": {
          "outputs": [
            {
              "name": "bin",
              "path": "/nix/store/b9vcp70yhf5s0qadg2i1pdnzi7mfzkx4-curl-8.9.1-bin",
              "default": true
            },
            {
              "name": "man",
              "path": "/nix/store/nlnz9711av6sb5mcx6slmkbngg5kd57r-curl-8.9.1-man",
              "default": true
            },
            {
              "name": "dev",
              "path": "/nix/store/g7iznpcciawm2alm7hn9qf2x2nz9gcld-curl-8.9.1-dev"
            },
            {
              "name": "devdoc",
              "path": "/nix/store/g3rwsivls1y3b9iyzzgda5s3nb0pnvkg-curl-8.9.1-devdoc"
            },
            {
              "name": "out",
              "path": "/nix/store/dijbmwxxhizpgva2idb261ic4f0r47cq-curl-8.9.1"
            }
          ],
          "store_path": "/nix/store/b9vcp70yhf5s0qadg2i1pdnzi7mfzkx4-curl-8.9.1-bin"
        },
        "aarch64-linux": {
          "outputs": [
            {
              "name": "bin",
              "path": "/nix/store/jz56y8dn9vyp5qxc2gvs99isis3ql5ml-curl-8.9.1-bin",
              "default": true
            },
            {
              "name": "man",
              "path": "/nix/store/cqdyp0jrflbjbr6xcd5dlb704qkzh2sm-curl-8.9.1-man",
              "default": true
            },
            {
              "name": "debug",
              "path": "/nix/store/jvjycva14kpdk2yyj3b9hpyi0lgl1rf1-curl-8.9.1-debug"
            },
            {
              "name": "dev",
              "path": "/nix/store/cgshc8z3alwlyh3yv7bp7lv7hj4ny8mp-curl-8.9.1-dev"
            },
            {
              "name": "devdoc",
              "path": "/nix/store/b2nzf7rzlrkbw5ha3admbpp2pks3izf2-curl-8.9.1-devdoc"
            },
            {
              "name": "out",
              "path": "/nix/store/w431gagkp4phpi8dn9i7d02xxgjvmfpx-curl-8.9.1"
            }
          ],
          "store_path": "/nix/store/jz56y8dn9vyp5qxc2gvs99isis3ql5ml-curl-8.9.1-bin"
        },
        "x86_64-darwin": {
          "outputs": [
            {
              "name": "bin",
              "path": "/nix/store/zzz5688jdq269a7mi18al2zbqnmrd7d6-curl-8.9.1-bin",
              "default": true
            },
            {
              "name": "man",
              "path": "/nix/store/ap0q2b6i3kx3f3mys9r6rp9kcry17rqj-curl-8.9.1-man",
              "default": true
            },
            {
              "name": "dev",
              "path": "/nix/store/iw3jwk48gfg0s0lsz0qpz89paig14fsy-curl-8.9.1-dev"
            },
            {
              "name": "devdoc",
              "path": "/nix/store/rj4x8krz9n9d6s0ys0x20s6wd2fq29pw-curl-8.9.1-devdoc"
            },
            {
              "name": "out",
              "path": "/nix/store/rl0lg5swlzlsrmhmw7cgi46kbxwxngkh-curl-8.9.1"
            }
          ],
          "store_path": "/nix/store/zzz5688jdq269a7mi18al2zbqnmrd7d6-curl-8.9.1-bin"
        },
        "x86_64-linux": {
          "outputs": [
            {
              "name": "bin",
              "path": "/nix/store/6r0bn0dkvlvhicyvair205s07m92dpaz-curl-8.9.1-bin",
              "default": true
            },
            {
              "name": "man",
              "path": "/nix/store/4ph78zm36yji16fypdk08bcj3agaqwh5-curl-8.9.1-man",
              "default": true
            },
            {
              "name": "debug",
              "path": "/nix/store/hprnrdjjf4ybw74hf0w852842zzyxq11-curl-8.9.1-debug"
            },
            {
              "name": "dev",
              "path": "/nix/store/a49si5nv16sy1jaabryasl015w3s52rr-curl-8.9.1-dev"
            },
            {
              "name": "devdoc",
              "path": "/nix/store/3w9135g8l2fqxjcdcqdn400gjigf7w5x-curl-8.9.1-devdoc"
            },
            {
              "name": "out",
              "path": "/nix/store/x6ssc2mmx1kb52gchksqbzg5c2y0z7lf-curl-8.9.1"
            }
          ],
          "store_path": "/nix/store/6r0bn0dkvlvhicyvair205s07m92dpaz-curl-8.9.1-bin"
        }
      }
    },
    "diffutils@latest": {
      "last_modified": "2024-09-12T11:58:09Z",
      "resolved": "github:NixOS/nixpkgs/280db3decab4cbeb22a4599bd472229ab74d25e1#diffutils",
      "source": "devbox-search",
      "version": "3.10",
      "systems": {
        "aarch64-darwin": {
          "outputs": [
            {
              "name": "out",
              "path": "/nix/store/44byadd2lwqid70aarkjdxqm4bnamiff-diffutils-3.10",
              "default": true
            },
            {
              "name": "info",
              "path": "/nix/store/ik9796iq0ff3f2bhhazf750zzp9r0fbs-diffutils-3.10-info"
            }
          ],
          "store_path": "/nix/store/44byadd2lwqid70aarkjdxqm4bnamiff-diffutils-3.10"
        },
        "aarch64-linux": {
          "outputs": [
            {
              "name": "out",
              "path": "/nix/store/613s7ah6cg1146v8n5mpssnzrdd9pv2y-diffutils-3.10",
              "default": true
            },
            {
              "name": "info",
              "path": "/nix/store/ppg5rspmsyn61mh1kn0i2gm8jg6hd9sc-diffutils-3.10-info"
            }
          ],
          "store_path": "/nix/store/613s7ah6cg1146v8n5mpssnzrdd9pv2y-diffutils-3.10"
        },
        "x86_64-darwin": {
          "outputs": [
            {
              "name": "out",
              "path": "/nix/store/1r257xkgl5fvwsp7iv8w4khq4bhgvidc-diffutils-3.10",
              "default": true
            },
            {
              "name": "info",
              "path": "/nix/store/03jv58n0r2qkihgnnkvc5wk388nbzkn2-diffutils-3.10-info"
            }
          ],
          "store_path": "/nix/store/1r257xkgl5fvwsp7iv8w4khq4bhgvidc-diffutils-3.10"
        },
        "x86_64-linux": {
          "outputs": [
            {
              "name": "out",
              "path": "/nix/store/7jk4jrd99ngnm9iczcf63mfxqba0ak2y-diffutils-3.10",
              "default": true
            },
            {
              "name": "info",
              "path": "/nix/store/yp2a3fjbjvahjhyxplxzsgjvf6lbaxv8-diffutils-3.10-info"
            }
          ],
          "store_path": "/nix/store/7jk4jrd99ngnm9iczcf63mfxqba0ak2y-diffutils-3.10"
        }
      }
    },
    "gfortran@latest": {
      "last_modified": "2024-09-12T11:58:09Z",
      "resolved": "github:NixOS/nixpkgs/280db3decab4cbeb22a4599bd472229ab74d25e1#gfortran",
      "source": "devbox-search",
      "version": "13.3.0",
      "systems": {
        "aarch64-darwin": {
          "outputs": [
            {
              "name": "out",
              "path": "/nix/store/zz7qfz4y43sqdkihn3v1mwz30llhwx7s-gfortran-wrapper-13.3.0",
              "default": true
            },
            {
              "name": "man",
              "path": "/nix/store/cvhgzwdypar0lw25xidwsv4nrmqahsqa-gfortran-wrapper-13.3.0-man",
              "default": true
            },
            {
              "name": "info",
              "path": "/nix/store/rfh4fg8sisq4zbcpqhvjwa4hszh7v9zw-gfortran-wrapper-13.3.0-info"
            }
          ],
          "store_path": "/nix/store/zz7qfz4y43sqdkihn3v1mwz30llhwx7s-gfortran-wrapper-13.3.0"
        },
        "aarch64-linux": {
          "outputs": [
            {
              "name": "out",
              "path": "/nix/store/jdhx58jbmhqkrh2jh5diamidlczx4qx9-gfortran-wrapper-13.3.0",
              "default": true
            },
            {
              "name": "man",
              "path": "/nix/store/9bvgs0pd4q3wn0mapp7xk3mfk7772kmx-gfortran-wrapper-13.3.0-man",
              "default": true
            },
            {
              "name": "info",
              "path": "/nix/store/dvhfxkc7ylq1sj1z8dhfb9fc2ybalp12-gfortran-wrapper-13.3.0-info"
            }
          ],
          "store_path": "/nix/store/jdhx58jbmhqkrh2jh5diamidlczx4qx9-gfortran-wrapper-13.3.0"
        },
        "x86_64-darwin": {
          "outputs": [
            {
              "name": "out",
              "path": "/nix/store/rgfwn4wqj3v2ilrvzd0rl14p5bh5wicr-gfortran-wrapper-13.3.0",
              "default": true
            },
            {
              "name": "man",
              "path": "/nix/store/fzcipfmj98q01i8y8pkhib8fgi1gj35w-gfortran-wrapper-13.3.0-man",
              "default": true
            },
            {
              "name": "info",
              "path": "/nix/store/abvfyskv5w6d20an57h59979ykfqyvgj-gfortran-wrapper-13.3.0-info"
            }
          ],
          "store_path": "/nix/store/rgfwn4wqj3v2ilrvzd0rl14p5bh5wicr-gfortran-wrapper-13.3.0"
        },
        "x86_64-linux": {
          "outputs": [
            {
              "name": "out",
              "path": "/nix/store/arl6cx6ycc5snw0wmwsbz9ba9igq4p1f-gfortran-wrapper-13.3.0",
              "default": true
            },
            {
              "name": "man",
              "path": "/nix/store/ib1xd1fcc6ql96yzh2wr5p0b458g4k0b-gfortran-wrapper-13.3.0-man",
              "default": true
            },
            {
              "name": "info",
              "path": "/nix/store/h51h8yikw28g9qi88ayc7p5y2539xha2-gfortran-wrapper-13.3.0-info"
            }
          ],
          "store_path": "/nix/store/arl6cx6ycc5snw0wmwsbz9ba9igq4p1f-gfortran-wrapper-13.3.0"
        }
      }
    },
    "git@latest": {
      "last_modified": "2024-10-09T02:21:25Z",
      "resolved": "github:NixOS/nixpkgs/2b58bfe2c0d73341362870a0f1e50b2b8f2e4b84#git",
      "source": "devbox-search",
      "version": "2.46.0",
      "systems": {
        "aarch64-darwin": {
          "outputs": [
            {
              "name": "out",
              "path": "/nix/store/msgwpjsr2607nmlm4f0klc60m7vyp2ls-git-2.46.0",
              "default": true
            },
            {
              "name": "doc",
              "path": "/nix/store/ycx57sa7dfrs9z1gq0sk1ai29ib9hvhl-git-2.46.0-doc"
            }
          ],
          "store_path": "/nix/store/msgwpjsr2607nmlm4f0klc60m7vyp2ls-git-2.46.0"
        },
        "aarch64-linux": {
          "outputs": [
            {
              "name": "out",
              "path": "/nix/store/lgr3n0573wi478bj456zggh541wjrbiw-git-2.46.0",
              "default": true
            },
            {
              "name": "doc",
              "path": "/nix/store/5aiq8j373y5k9dh1p98zlic3n5f5ycnq-git-2.46.0-doc"
            },
            {
              "name": "debug",
              "path": "/nix/store/v6r2pdpiwn62yhjp489gjkqhz6yn8zl5-git-2.46.0-debug"
            }
          ],
          "store_path": "/nix/store/lgr3n0573wi478bj456zggh541wjrbiw-git-2.46.0"
        },
        "x86_64-darwin": {
          "outputs": [
            {
              "name": "out",
              "path": "/nix/store/lfb5ngmzsmnbqw41wm11i7hjnrkii7ic-git-2.46.0",
              "default": true
            },
            {
              "name": "doc",
              "path": "/nix/store/kcgzncw4plawrs6fw524dprbscqdl78n-git-2.46.0-doc"
            }
          ],
          "store_path": "/nix/store/lfb5ngmzsmnbqw41wm11i7hjnrkii7ic-git-2.46.0"
        },
        "x86_64-linux": {
          "outputs": [
            {
              "name": "out",
              "path": "/nix/store/0l63mqr7qx1asjxfz86j4zbs4758gn98-git-2.46.0",
              "default": true
            },
            {
              "name": "debug",
              "path": "/nix/store/x1g0dhpqg1fi4dz20lp2i2h759bdkark-git-2.46.0-debug"
            },
            {
              "name": "doc",
              "path": "/nix/store/5r0irlcap11p8wqbdiy9fz1y3pk1mn4n-git-2.46.0-doc"
            }
          ],
          "store_path": "/nix/store/0l63mqr7qx1asjxfz86j4zbs4758gn98-git-2.46.0"
        }
      }
    },
    "gnumake@latest": {
      "last_modified": "2024-10-10T05:33:31Z",
      "resolved": "github:NixOS/nixpkgs/b69de56fac8c2b6f8fd27f2eca01dcda8e0a4221#gnumake",
      "source": "devbox-search",
      "version": "4.4.1",
      "systems": {
        "aarch64-darwin": {
          "outputs": [
            {
              "name": "out",
              "path": "/nix/store/6mcdimq65bpmk4ccsbwk8zqqv0w57xki-gnumake-4.4.1",
              "default": true
            },
            {
              "name": "man",
              "path": "/nix/store/slxjfzk0mi14ffhiry1kx635yi3hrdsg-gnumake-4.4.1-man",
              "default": true
            },
            {
              "name": "info",
              "path": "/nix/store/j755wklynl70bsffsmc72rqm0fg4y4dh-gnumake-4.4.1-info"
            }
          ],
          "store_path": "/nix/store/6mcdimq65bpmk4ccsbwk8zqqv0w57xki-gnumake-4.4.1"
        },
        "aarch64-linux": {
          "outputs": [
            {
              "name": "out",
              "path": "/nix/store/b9hsc0cxnjpgr0ni8zjfa8yfx9k9icyf-gnumake-4.4.1",
              "default": true
            },
            {
              "name": "man",
              "path": "/nix/store/yy4yzw27p2iw8vqhhqjw5dg2whl95dx0-gnumake-4.4.1-man",
              "default": true
            },
            {
              "name": "debug",
              "path": "/nix/store/srjsvl0v6q5rr29ihsm8qad1mjdh5qv4-gnumake-4.4.1-debug"
            },
            {
              "name": "info",
              "path": "/nix/store/qzd3k2d7f2gwz8cmvz3ddmxsvh6ax65b-gnumake-4.4.1-info"
            }
          ],
          "store_path": "/nix/store/b9hsc0cxnjpgr0ni8zjfa8yfx9k9icyf-gnumake-4.4.1"
        },
        "x86_64-darwin": {
          "outputs": [
            {
              "name": "out",
              "path": "/nix/store/jzc62mfpsqx2k1ncmqs5awd7c1511hf3-gnumake-4.4.1",
              "default": true
            },
            {
              "name": "man",
              "path": "/nix/store/g3pmxslr6wpyw5pzarjc5rz8imh0wkx0-gnumake-4.4.1-man",
              "default": true
            },
            {
              "name": "info",
              "path": "/nix/store/5c2p60izk67sjlf86c1sp7pzpjh3qw8i-gnumake-4.4.1-info"
            }
          ],
          "store_path": "/nix/store/jzc62mfpsqx2k1ncmqs5awd7c1511hf3-gnumake-4.4.1"
        },
        "x86_64-linux": {
          "outputs": [
            {
              "name": "out",
              "path": "/nix/store/09vbil20hj3gn9lb3djvbglyki9jr3i6-gnumake-4.4.1",
              "default": true
            },
            {
              "name": "man",
              "path": "/nix/store/swbhqvfjkrk0xqqnbhax93psq8n1gynr-gnumake-4.4.1-man",
              "default": true
            },
            {
              "name": "info",
              "path": "/nix/store/y1fmi86h3mr58s3yxjm65c3nnf5l5p9r-gnumake-4.4.1-info"
            },
            {
              "name": "debug",
              "path": "/nix/store/idisl8srk1khjm4jhmikqwiacy5gzb2p-gnumake-4.4.1-debug"
            }
          ],
          "store_path": "/nix/store/09vbil20hj3gn9lb3djvbglyki9jr3i6-gnumake-4.4.1"
        }
      }
    },
    "neovim@latest": {
      "last_modified": "2024-10-04T16:56:48Z",
      "resolved": "github:NixOS/nixpkgs/8bca501bf31b54ae2022fe5065ab475d75f7560e#neovim",
      "source": "devbox-search",
      "version": "0.10.2",
      "systems": {
        "aarch64-darwin": {
          "outputs": [
            {
              "name": "out",
              "path": "/nix/store/scjv8ypd0cpp888a8sq4fy3flgv937jm-neovim-0.10.2",
              "default": true
            }
          ],
          "store_path": "/nix/store/scjv8ypd0cpp888a8sq4fy3flgv937jm-neovim-0.10.2"
        },
        "aarch64-linux": {
          "outputs": [
            {
              "name": "out",
              "path": "/nix/store/829p58nr8h8xcn58jfa7227k23wsmn98-neovim-0.10.2",
              "default": true
            }
          ],
          "store_path": "/nix/store/829p58nr8h8xcn58jfa7227k23wsmn98-neovim-0.10.2"
        },
        "x86_64-darwin": {
          "outputs": [
            {
              "name": "out",
              "path": "/nix/store/1813gr0magrra05y4jyc2331xw5pdv96-neovim-0.10.2",
              "default": true
            }
          ],
          "store_path": "/nix/store/1813gr0magrra05y4jyc2331xw5pdv96-neovim-0.10.2"
        },
        "x86_64-linux": {
          "outputs": [
            {
              "name": "out",
              "path": "/nix/store/g8j77ir4afb10cgbf0jy0p0lixz9d1mv-neovim-0.10.2",
              "default": true
            }
          ],
          "store_path": "/nix/store/g8j77ir4afb10cgbf0jy0p0lixz9d1mv-neovim-0.10.2"
        }
      }
    },
    "netcdf@latest": {
      "last_modified": "2024-10-09T02:21:25Z",
      "resolved": "github:NixOS/nixpkgs/2b58bfe2c0d73341362870a0f1e50b2b8f2e4b84#netcdf",
      "source": "devbox-search",
      "version": "4.9.2",
      "systems": {
        "aarch64-darwin": {
          "outputs": [
            {
              "name": "out",
              "path": "/nix/store/inp252r6a5qhabxsw2v86b9b02jcfmn8-netcdf-4.9.2",
              "default": true
            }
          ],
          "store_path": "/nix/store/inp252r6a5qhabxsw2v86b9b02jcfmn8-netcdf-4.9.2"
        },
        "aarch64-linux": {
          "outputs": [
            {
              "name": "out",
              "path": "/nix/store/gy611idafyv4xycr4md56sslnyxv2zl7-netcdf-4.9.2",
              "default": true
            }
          ],
          "store_path": "/nix/store/gy611idafyv4xycr4md56sslnyxv2zl7-netcdf-4.9.2"
        },
        "x86_64-darwin": {
          "outputs": [
            {
              "name": "out",
              "path": "/nix/store/hx2lc9rvn4damnlcwfy4l8j22rcv4smb-netcdf-4.9.2",
              "default": true
            }
          ],
          "store_path": "/nix/store/hx2lc9rvn4damnlcwfy4l8j22rcv4smb-netcdf-4.9.2"
        },
        "x86_64-linux": {
          "outputs": [
            {
              "name": "out",
              "path": "/nix/store/cxfskg7l3mnphvg0y89zrwizdkvqndmy-netcdf-4.9.2",
              "default": true
            }
          ],
          "store_path": "/nix/store/cxfskg7l3mnphvg0y89zrwizdkvqndmy-netcdf-4.9.2"
        }
      }
    },
    "netcdffortran@latest": {
      "last_modified": "2024-10-09T02:21:25Z",
      "resolved": "github:NixOS/nixpkgs/2b58bfe2c0d73341362870a0f1e50b2b8f2e4b84#netcdffortran",
      "source": "devbox-search",
      "version": "4.4.5",
      "systems": {
        "aarch64-darwin": {
          "outputs": [
            {
              "name": "out",
              "path": "/nix/store/cpcgmpvc4s6xx9yh3b200gddqavcnpyf-netcdf-fortran-4.4.5",
              "default": true
            }
          ],
          "store_path": "/nix/store/cpcgmpvc4s6xx9yh3b200gddqavcnpyf-netcdf-fortran-4.4.5"
        },
        "aarch64-linux": {
          "outputs": [
            {
              "name": "out",
              "path": "/nix/store/515a7n3lglkc9sd1586m53mqavdwjksa-netcdf-fortran-4.4.5",
              "default": true
            }
          ],
          "store_path": "/nix/store/515a7n3lglkc9sd1586m53mqavdwjksa-netcdf-fortran-4.4.5"
        },
        "x86_64-darwin": {
          "outputs": [
            {
              "name": "out",
              "path": "/nix/store/hbjd07hap3k0z6lrk56vsf7ymq3yk0g1-netcdf-fortran-4.4.5",
              "default": true
            }
          ],
          "store_path": "/nix/store/hbjd07hap3k0z6lrk56vsf7ymq3yk0g1-netcdf-fortran-4.4.5"
        },
        "x86_64-linux": {
          "outputs": [
            {
              "name": "out",
              "path": "/nix/store/h23zmcb4d9czkjgnb3b7d6ads8lik7zn-netcdf-fortran-4.4.5",
              "default": true
            }
          ],
          "store_path": "/nix/store/h23zmcb4d9czkjgnb3b7d6ads8lik7zn-netcdf-fortran-4.4.5"
        }
      }
    },
    "openssh@latest": {
      "last_modified": "2024-09-12T11:58:09Z",
      "resolved": "github:NixOS/nixpkgs/280db3decab4cbeb22a4599bd472229ab74d25e1#openssh",
      "source": "devbox-search",
      "version": "9.8p1",
      "systems": {
        "aarch64-darwin": {
          "outputs": [
            {
              "name": "out",
              "path": "/nix/store/hvbk9j6gi58aay37ijh7f0ad5hvbzrvv-openssh-9.8p1",
              "default": true
            }
          ],
          "store_path": "/nix/store/hvbk9j6gi58aay37ijh7f0ad5hvbzrvv-openssh-9.8p1"
        },
        "aarch64-linux": {
          "outputs": [
            {
              "name": "out",
              "path": "/nix/store/z51vgs90zqrzphxr02nk8sv5qckwcdm6-openssh-9.8p1",
              "default": true
            }
          ],
          "store_path": "/nix/store/z51vgs90zqrzphxr02nk8sv5qckwcdm6-openssh-9.8p1"
        },
        "x86_64-darwin": {
          "outputs": [
            {
              "name": "out",
              "path": "/nix/store/h19d6yhf1pc9ss0kgkw5fqd3wf9palra-openssh-9.8p1",
              "default": true
            }
          ],
          "store_path": "/nix/store/h19d6yhf1pc9ss0kgkw5fqd3wf9palra-openssh-9.8p1"
        },
        "x86_64-linux": {
          "outputs": [
            {
              "name": "out",
              "path": "/nix/store/2wwfdill3872xircv1vwmlj8gxghg5f9-openssh-9.8p1",
              "default": true
            }
          ],
          "store_path": "/nix/store/2wwfdill3872xircv1vwmlj8gxghg5f9-openssh-9.8p1"
        }
      }
    },
    "perl538Packages.ConfigIniFiles@latest": {
      "last_modified": "2024-09-12T11:58:09Z",
      "resolved": "github:NixOS/nixpkgs/280db3decab4cbeb22a4599bd472229ab74d25e1#perl538Packages.ConfigIniFiles",
      "source": "devbox-search",
      "version": "3.000003",
      "systems": {
        "aarch64-darwin": {
          "outputs": [
            {
              "name": "out",
              "path": "/nix/store/j8raah897mxv457g21387kw38m6s0szv-perl5.38.2-Config-IniFiles-3.000003",
              "default": true
            },
            {
              "name": "devdoc",
              "path": "/nix/store/pwi22py1j9zygh4kc00ib7r6l90hvwb4-perl5.38.2-Config-IniFiles-3.000003-devdoc"
            }
          ],
          "store_path": "/nix/store/j8raah897mxv457g21387kw38m6s0szv-perl5.38.2-Config-IniFiles-3.000003"
        },
        "aarch64-linux": {
          "outputs": [
            {
              "name": "out",
              "path": "/nix/store/0gxcp8zc8nyz8d3n1mdj4ggaj7w5y6zy-perl5.38.2-Config-IniFiles-3.000003",
              "default": true
            },
            {
              "name": "devdoc",
              "path": "/nix/store/mj14sicvjvph343vj2rqlaznlwk4ssqa-perl5.38.2-Config-IniFiles-3.000003-devdoc"
            }
          ],
          "store_path": "/nix/store/0gxcp8zc8nyz8d3n1mdj4ggaj7w5y6zy-perl5.38.2-Config-IniFiles-3.000003"
        },
        "x86_64-darwin": {
          "outputs": [
            {
              "name": "out",
              "path": "/nix/store/9aqpjhq0sk098vx30g7cfsfh3av5kqr6-perl5.38.2-Config-IniFiles-3.000003",
              "default": true
            },
            {
              "name": "devdoc",
              "path": "/nix/store/akp2w06lkzqda8ydi4skkha6y7iap0q7-perl5.38.2-Config-IniFiles-3.000003-devdoc"
            }
          ],
          "store_path": "/nix/store/9aqpjhq0sk098vx30g7cfsfh3av5kqr6-perl5.38.2-Config-IniFiles-3.000003"
        },
        "x86_64-linux": {
          "outputs": [
            {
              "name": "out",
              "path": "/nix/store/wfhxhp725x748yi7fafjkzlpd52zj7s8-perl5.38.2-Config-IniFiles-3.000003",
              "default": true
            },
            {
              "name": "devdoc",
              "path": "/nix/store/mnirhq5k8s8hnpicgh8c4b4apifbz4cs-perl5.38.2-Config-IniFiles-3.000003-devdoc"
            }
          ],
          "store_path": "/nix/store/wfhxhp725x748yi7fafjkzlpd52zj7s8-perl5.38.2-Config-IniFiles-3.000003"
        }
      }
    },
    "perl538Packages.DBDSQLite@latest": {
      "last_modified": "2024-09-12T11:58:09Z",
      "resolved": "github:NixOS/nixpkgs/280db3decab4cbeb22a4599bd472229ab74d25e1#perl538Packages.DBDSQLite",
      "source": "devbox-search",
      "version": "1.74",
      "systems": {
        "aarch64-darwin": {
          "outputs": [
            {
              "name": "out",
              "path": "/nix/store/vvk82605cdfb164k3lmw4n31kgcalclp-perl5.38.2-DBD-SQLite-1.74",
              "default": true
            },
            {
              "name": "devdoc",
              "path": "/nix/store/c5jhpfqfv2wl3axh4w1apx5zq2a16g5k-perl5.38.2-DBD-SQLite-1.74-devdoc"
            }
          ],
          "store_path": "/nix/store/vvk82605cdfb164k3lmw4n31kgcalclp-perl5.38.2-DBD-SQLite-1.74"
        },
        "aarch64-linux": {
          "outputs": [
            {
              "name": "out",
              "path": "/nix/store/f7nvr2nsvz8w9a57jq3blcjixkak9i6s-perl5.38.2-DBD-SQLite-1.74",
              "default": true
            },
            {
              "name": "devdoc",
              "path": "/nix/store/6ls50wjd86cjjg6567jhl39w0acy1bia-perl5.38.2-DBD-SQLite-1.74-devdoc"
            }
          ],
          "store_path": "/nix/store/f7nvr2nsvz8w9a57jq3blcjixkak9i6s-perl5.38.2-DBD-SQLite-1.74"
        },
        "x86_64-darwin": {
          "outputs": [
            {
              "name": "out",
              "path": "/nix/store/58yjgwvf3h4mpy9yr46pdlk3ndhvxc1p-perl5.38.2-DBD-SQLite-1.74",
              "default": true
            },
            {
              "name": "devdoc",
              "path": "/nix/store/gjkg1zqlsrik6r4spq2nl9rlmyzgpknf-perl5.38.2-DBD-SQLite-1.74-devdoc"
            }
          ],
          "store_path": "/nix/store/58yjgwvf3h4mpy9yr46pdlk3ndhvxc1p-perl5.38.2-DBD-SQLite-1.74"
        },
        "x86_64-linux": {
          "outputs": [
            {
              "name": "out",
              "path": "/nix/store/smjphqpfr93nf940qmxyx1mpcsp566dp-perl5.38.2-DBD-SQLite-1.74",
              "default": true
            },
            {
              "name": "devdoc",
              "path": "/nix/store/98v95xpgq93jpgmmczrz4bs70bpbvn0l-perl5.38.2-DBD-SQLite-1.74-devdoc"
            }
          ],
          "store_path": "/nix/store/smjphqpfr93nf940qmxyx1mpcsp566dp-perl5.38.2-DBD-SQLite-1.74"
        }
      }
    },
    "perl538Packages.XMLParser@latest": {
      "last_modified": "2024-09-12T11:58:09Z",
      "resolved": "github:NixOS/nixpkgs/280db3decab4cbeb22a4599bd472229ab74d25e1#perl538Packages.XMLParser",
      "source": "devbox-search",
      "version": "2.46",
      "systems": {
        "aarch64-darwin": {
          "outputs": [
            {
              "name": "out",
              "path": "/nix/store/lf3ql58h9nx234bd3pn3aacdy2cna6jf-perl5.38.2-XML-Parser-2.46",
              "default": true
            },
            {
              "name": "devdoc",
              "path": "/nix/store/gwzkpd8jlajj94pbrx6zppm7jckjcwch-perl5.38.2-XML-Parser-2.46-devdoc"
            }
          ],
          "store_path": "/nix/store/lf3ql58h9nx234bd3pn3aacdy2cna6jf-perl5.38.2-XML-Parser-2.46"
        },
        "aarch64-linux": {
          "outputs": [
            {
              "name": "out",
              "path": "/nix/store/gygbqjmdpk0qrb34rzm087q38mj3al9g-perl5.38.2-XML-Parser-2.46",
              "default": true
            },
            {
              "name": "devdoc",
              "path": "/nix/store/4328wnxvfnbni0yifbkdvirs99b5fsgj-perl5.38.2-XML-Parser-2.46-devdoc"
            }
          ],
          "store_path": "/nix/store/gygbqjmdpk0qrb34rzm087q38mj3al9g-perl5.38.2-XML-Parser-2.46"
        },
        "x86_64-darwin": {
          "outputs": [
            {
              "name": "out",
              "path": "/nix/store/bl2ddgxavvldfqkynjmrcb7zgsnblq5a-perl5.38.2-XML-Parser-2.46",
              "default": true
            },
            {
              "name": "devdoc",
              "path": "/nix/store/03l5ysnmxnd1a9jixw81dy74rpkia4kz-perl5.38.2-XML-Parser-2.46-devdoc"
            }
          ],
          "store_path": "/nix/store/bl2ddgxavvldfqkynjmrcb7zgsnblq5a-perl5.38.2-XML-Parser-2.46"
        },
        "x86_64-linux": {
          "outputs": [
            {
              "name": "out",
              "path": "/nix/store/9z2gzpwp23j5q4p9liv5d119lk2l76in-perl5.38.2-XML-Parser-2.46",
              "default": true
            },
            {
              "name": "devdoc",
              "path": "/nix/store/nyjjcxzmsz8kw1666mjpg6720fa9rsyq-perl5.38.2-XML-Parser-2.46-devdoc"
            }
          ],
          "store_path": "/nix/store/9z2gzpwp23j5q4p9liv5d119lk2l76in-perl5.38.2-XML-Parser-2.46"
        }
      }
    },
    "perl@latest": {
      "last_modified": "2024-09-12T11:58:09Z",
      "resolved": "github:NixOS/nixpkgs/280db3decab4cbeb22a4599bd472229ab74d25e1#perl",
      "source": "devbox-search",
      "version": "5.38.2",
      "systems": {
        "aarch64-darwin": {
          "outputs": [
            {
              "name": "out",
              "path": "/nix/store/hq4l4dpxln0n9kb4lah102bdvpdm2a5n-perl-5.38.2",
              "default": true
            },
            {
              "name": "man",
              "path": "/nix/store/dc3wh1wqlq9gnkwkxs6ki1imqpvg39ji-perl-5.38.2-man",
              "default": true
            },
            {
              "name": "devdoc",
              "path": "/nix/store/4h2bj4qw8kaf7z02pcnf3vywa2mab3qh-perl-5.38.2-devdoc"
            }
          ],
          "store_path": "/nix/store/hq4l4dpxln0n9kb4lah102bdvpdm2a5n-perl-5.38.2"
        },
        "aarch64-linux": {
          "outputs": [
            {
              "name": "out",
              "path": "/nix/store/71dxajciymxkig3hr2wyc41nw2ypx9xg-perl-5.38.2",
              "default": true
            },
            {
              "name": "man",
              "path": "/nix/store/dwjk74i0bbi7g0ibm3lf6i9rkh8fsgh4-perl-5.38.2-man",
              "default": true
            },
            {
              "name": "devdoc",
              "path": "/nix/store/dq80hk0glcxacpf5qakxwvgw0bsdgd5k-perl-5.38.2-devdoc"
            }
          ],
          "store_path": "/nix/store/71dxajciymxkig3hr2wyc41nw2ypx9xg-perl-5.38.2"
        },
        "x86_64-darwin": {
          "outputs": [
            {
              "name": "out",
              "path": "/nix/store/kds6a5pz2qgsncdbci532hhvd56xym1m-perl-5.38.2",
              "default": true
            },
            {
              "name": "man",
              "path": "/nix/store/ygc9n4p9ckrmpr0k8wvfz44zwg9v1rwj-perl-5.38.2-man",
              "default": true
            },
            {
              "name": "devdoc",
              "path": "/nix/store/insvmgiv9k01ybbi9w120zjipva6xai1-perl-5.38.2-devdoc"
            }
          ],
          "store_path": "/nix/store/kds6a5pz2qgsncdbci532hhvd56xym1m-perl-5.38.2"
        },
        "x86_64-linux": {
          "outputs": [
            {
              "name": "out",
              "path": "/nix/store/ww69rb7srifikvilg39q4v8n9h1zcssf-perl-5.38.2",
              "default": true
            },
            {
              "name": "man",
              "path": "/nix/store/d75vxd12xz55z9zmg9w2ifz9b8yw6ncx-perl-5.38.2-man",
              "default": true
            },
            {
              "name": "devdoc",
              "path": "/nix/store/kmz78jkfkcx6idysviwzsax73lh2i2ds-perl-5.38.2-devdoc"
            }
          ],
          "store_path": "/nix/store/ww69rb7srifikvilg39q4v8n9h1zcssf-perl-5.38.2"
        }
      }
    },
    "python312@latest": {
      "last_modified": "2024-06-12T20:55:33Z",
      "plugin_version": "0.0.4",
      "resolved": "github:NixOS/nixpkgs/a9858885e197f984d92d7fe64e9fff6b2e488d40#python312",
      "source": "devbox-search",
      "version": "3.12.3",
      "systems": {
        "aarch64-darwin": {
          "outputs": [
            {
              "name": "out",
              "path": "/nix/store/65ackbgqn02p6fy75rksjbp17zj6440j-python3-3.12.3",
              "default": true
            }
          ],
          "store_path": "/nix/store/65ackbgqn02p6fy75rksjbp17zj6440j-python3-3.12.3"
        },
        "aarch64-linux": {
          "outputs": [
            {
              "name": "out",
              "path": "/nix/store/59siylp1k9i3ch4d9m3vs5jp5z56b5sg-python3-3.12.3",
              "default": true
            },
            {
              "name": "debug",
              "path": "/nix/store/ji094818a78hrkag26202b21nr5v1pgk-python3-3.12.3-debug"
            }
          ],
          "store_path": "/nix/store/59siylp1k9i3ch4d9m3vs5jp5z56b5sg-python3-3.12.3"
        },
        "x86_64-darwin": {
          "outputs": [
            {
              "name": "out",
              "path": "/nix/store/nrskm5p85y6751k02ih51bpzfag8g5r8-python3-3.12.3",
              "default": true
            }
          ],
          "store_path": "/nix/store/nrskm5p85y6751k02ih51bpzfag8g5r8-python3-3.12.3"
        },
        "x86_64-linux": {
          "outputs": [
            {
              "name": "out",
              "path": "/nix/store/zwvdwiw0zg5liz6lkkkqyab035parhld-python3-3.12.3",
              "default": true
            },
            {
              "name": "debug",
              "path": "/nix/store/wj6mffmpvly3md2hqnq2jj8zrrw5qck9-python3-3.12.3-debug"
            }
          ],
          "store_path": "/nix/store/zwvdwiw0zg5liz6lkkkqyab035parhld-python3-3.12.3"
        }
      }
    },
    "subversion@latest": {
      "last_modified": "2024-09-10T15:01:03Z",
      "resolved": "github:NixOS/nixpkgs/5ed627539ac84809c78b2dd6d26a5cebeb5ae269#subversion",
      "source": "devbox-search",
      "version": "1.14.3",
      "systems": {
        "aarch64-darwin": {
          "outputs": [
            {
              "name": "out",
              "path": "/nix/store/r7akfradrg2wzc56mmry77qm06mza9a0-subversion-1.14.3",
              "default": true
            },
            {
              "name": "man",
              "path": "/nix/store/bfbidspzag4schmpjgw01zwihfb4qz58-subversion-1.14.3-man",
              "default": true
            },
            {
              "name": "dev",
              "path": "/nix/store/dr4qqq1vmq4qk1r1za135swwds1zws0c-subversion-1.14.3-dev"
            }
          ],
          "store_path": "/nix/store/r7akfradrg2wzc56mmry77qm06mza9a0-subversion-1.14.3"
        },
        "aarch64-linux": {
          "outputs": [
            {
              "name": "out",
              "path": "/nix/store/f71s5acq8q8chxjxs0w3brxpz4ddbaj5-subversion-1.14.3",
              "default": true
            },
            {
              "name": "man",
              "path": "/nix/store/ygcyp8l91z2sg2m70kqzyr9xicnfbgqv-subversion-1.14.3-man",
              "default": true
            },
            {
              "name": "dev",
              "path": "/nix/store/64kz6zxkxaa0jjpmlmjd6i8p81j9ia04-subversion-1.14.3-dev"
            }
          ],
          "store_path": "/nix/store/f71s5acq8q8chxjxs0w3brxpz4ddbaj5-subversion-1.14.3"
        },
        "x86_64-darwin": {
          "outputs": [
            {
              "name": "out",
              "path": "/nix/store/3hdnag8zyi1a8k9h59cv7fa9pcgnhjxq-subversion-1.14.3",
              "default": true
            },
            {
              "name": "man",
              "path": "/nix/store/1s7gp89mi5n0s2cjz5252b2qbzv40lss-subversion-1.14.3-man",
              "default": true
            },
            {
              "name": "dev",
              "path": "/nix/store/wgrrbwbsrn1r3yazr20csdrfri1icfgn-subversion-1.14.3-dev"
            }
          ],
          "store_path": "/nix/store/3hdnag8zyi1a8k9h59cv7fa9pcgnhjxq-subversion-1.14.3"
        },
        "x86_64-linux": {
          "outputs": [
            {
              "name": "out",
              "path": "/nix/store/7jsqji0mba605j4975hpn60a7rp1d78s-subversion-1.14.3",
              "default": true
            },
            {
              "name": "man",
              "path": "/nix/store/am6v1yplgsg0wcrmbl6sf7x0nbxjdg5h-subversion-1.14.3-man",
              "default": true
            },
            {
              "name": "dev",
              "path": "/nix/store/gyz18qg1p98c2s620l1l6z4rfb3793d9-subversion-1.14.3-dev"
            }
          ],
          "store_path": "/nix/store/7jsqji0mba605j4975hpn60a7rp1d78s-subversion-1.14.3"
        }
      }
    },
    "which@latest": {
      "last_modified": "2024-09-10T15:01:03Z",
      "resolved": "github:NixOS/nixpkgs/5ed627539ac84809c78b2dd6d26a5cebeb5ae269#which",
      "source": "devbox-search",
      "version": "2.21",
      "systems": {
        "aarch64-darwin": {
          "outputs": [
            {
              "name": "out",
              "path": "/nix/store/cj0cxx9nz9wzfb11p4cgx1a1igppplvw-which-2.21",
              "default": true
            }
          ],
          "store_path": "/nix/store/cj0cxx9nz9wzfb11p4cgx1a1igppplvw-which-2.21"
        },
        "aarch64-linux": {
          "outputs": [
            {
              "name": "out",
              "path": "/nix/store/6dijyk860kpfbsipk147sz177aa2qjwc-which-2.21",
              "default": true
            }
          ],
          "store_path": "/nix/store/6dijyk860kpfbsipk147sz177aa2qjwc-which-2.21"
        },
        "x86_64-darwin": {
          "outputs": [
            {
              "name": "out",
              "path": "/nix/store/5zvkxaqr0ihiic42ngnjb9cy44120pi9-which-2.21",
              "default": true
            }
          ],
          "store_path": "/nix/store/5zvkxaqr0ihiic42ngnjb9cy44120pi9-which-2.21"
        },
        "x86_64-linux": {
          "outputs": [
            {
              "name": "out",
              "path": "/nix/store/8wgpy20nx6ainhjnirb044k9chv0bbkj-which-2.21",
              "default": true
            }
          ],
          "store_path": "/nix/store/8wgpy20nx6ainhjnirb044k9chv0bbkj-which-2.21"
        }
      }
    }
  }
}
