{
  "lockfile_version": "1",
  "packages": {
    "coreutils@latest": {
      "last_modified": "2024-11-06T21:27:13Z",
      "resolved": "github:NixOS/nixpkgs/fe348e1a06a2d791e992d46844a83d2d44436c5a#coreutils",
      "source": "devbox-search",
      "version": "9.5",
      "systems": {
        "aarch64-darwin": {
          "outputs": [
            {
              "name": "out",
              "path": "/nix/store/4axvrmlyszz77x66am0damj6pz4jh683-coreutils-9.5",
              "default": true
            },
            {
              "name": "info",
              "path": "/nix/store/6i7kacs04ah3zj0j3d2rdk2ls6spgal9-coreutils-9.5-info"
            }
          ],
          "store_path": "/nix/store/4axvrmlyszz77x66am0damj6pz4jh683-coreutils-9.5"
        },
        "aarch64-linux": {
          "outputs": [
            {
              "name": "out",
              "path": "/nix/store/y0b3ma3hs7pbnym8zg5jslr72aj47981-coreutils-9.5",
              "default": true
            },
            {
              "name": "debug",
              "path": "/nix/store/n0zr939h83k5z73bipzr0sl09v5s32fj-coreutils-9.5-debug"
            },
            {
              "name": "info",
              "path": "/nix/store/bbh3zfpy24wfqp746n4akb5r7whmdiy7-coreutils-9.5-info"
            }
          ],
          "store_path": "/nix/store/y0b3ma3hs7pbnym8zg5jslr72aj47981-coreutils-9.5"
        },
        "x86_64-darwin": {
          "outputs": [
            {
              "name": "out",
              "path": "/nix/store/0smc7dkkl344m8wwfmhb1icgfbfx2j4x-coreutils-9.5",
              "default": true
            },
            {
              "name": "info",
              "path": "/nix/store/4664xafd1np67g6nbryapcrsiz5m7gjb-coreutils-9.5-info"
            }
          ],
          "store_path": "/nix/store/0smc7dkkl344m8wwfmhb1icgfbfx2j4x-coreutils-9.5"
        },
        "x86_64-linux": {
          "outputs": [
            {
              "name": "out",
              "path": "/nix/store/sf6y4arqcm100rnnl3dhpg732i774zp6-coreutils-9.5",
              "default": true
            },
            {
              "name": "debug",
              "path": "/nix/store/lmpz5jb56jvclyyfrw39dzacw317m9j4-coreutils-9.5-debug"
            },
            {
              "name": "info",
              "path": "/nix/store/zd3pw58g9bdf3gdzkrz1dfk63wcc7p0f-coreutils-9.5-info"
            }
          ],
          "store_path": "/nix/store/sf6y4arqcm100rnnl3dhpg732i774zp6-coreutils-9.5"
        }
      }
    },
    "curl@latest": {
      "last_modified": "2024-11-07T05:50:23Z",
      "resolved": "github:NixOS/nixpkgs/85f7e662eda4fa3a995556527c87b2524b691933#curl",
      "source": "devbox-search",
      "version": "8.10.1",
      "systems": {
        "aarch64-darwin": {
          "outputs": [
            {
              "name": "bin",
              "path": "/nix/store/a9kflqidhvy31wsqagmbz6z86zyqpyix-curl-8.10.1-bin",
              "default": true
            },
            {
              "name": "man",
              "path": "/nix/store/5mdbgrc9s83iz4j1z221qa51rwwlrvx5-curl-8.10.1-man",
              "default": true
            },
            {
              "name": "dev",
              "path": "/nix/store/2ip854mhfmvidwyk91zapnr22miwk5pj-curl-8.10.1-dev"
            },
            {
              "name": "devdoc",
              "path": "/nix/store/xgkicx2nj38khn77hrc856cvd6418j1r-curl-8.10.1-devdoc"
            },
            {
              "name": "out",
              "path": "/nix/store/gn4n8pj1xiwxg0hliq0kjld7lkplilip-curl-8.10.1"
            }
          ],
          "store_path": "/nix/store/a9kflqidhvy31wsqagmbz6z86zyqpyix-curl-8.10.1-bin"
        },
        "aarch64-linux": {
          "outputs": [
            {
              "name": "bin",
              "path": "/nix/store/caawgal4gd55fki86nnxfvwfknpj0n52-curl-8.10.1-bin",
              "default": true
            },
            {
              "name": "man",
              "path": "/nix/store/pjbbx3qgzx0ncwf7b96f3lylic2j6zpw-curl-8.10.1-man",
              "default": true
            },
            {
              "name": "out",
              "path": "/nix/store/l8dsa6w5m2mibqvlc60i4id9bypsypjc-curl-8.10.1"
            },
            {
              "name": "debug",
              "path": "/nix/store/rqvbd7adrbndv19msl5yxsvma4akff71-curl-8.10.1-debug"
            },
            {
              "name": "dev",
              "path": "/nix/store/36lgi7lbbidpkhbpm8f82pk2g9xj6s7p-curl-8.10.1-dev"
            },
            {
              "name": "devdoc",
              "path": "/nix/store/xx7pz76nzis56brawq4v1ycp942sl388-curl-8.10.1-devdoc"
            }
          ],
          "store_path": "/nix/store/caawgal4gd55fki86nnxfvwfknpj0n52-curl-8.10.1-bin"
        },
        "x86_64-darwin": {
          "outputs": [
            {
              "name": "bin",
              "path": "/nix/store/7rbl5692vxchfnys7vb07xi241g1f93w-curl-8.10.1-bin",
              "default": true
            },
            {
              "name": "man",
              "path": "/nix/store/7y2ad0fd9bhllk4ahfi3b680s8a0k5ah-curl-8.10.1-man",
              "default": true
            },
            {
              "name": "out",
              "path": "/nix/store/r4lqdyi6r4nxnhqb7qm8lsf5772qdij7-curl-8.10.1"
            },
            {
              "name": "dev",
              "path": "/nix/store/k9cz0k0zr2zs2fh3w58fvr462rgp5im1-curl-8.10.1-dev"
            },
            {
              "name": "devdoc",
              "path": "/nix/store/p96mbch8dclsn8nkd4d97bddwq5bn8h9-curl-8.10.1-devdoc"
            }
          ],
          "store_path": "/nix/store/7rbl5692vxchfnys7vb07xi241g1f93w-curl-8.10.1-bin"
        },
        "x86_64-linux": {
          "outputs": [
            {
              "name": "bin",
              "path": "/nix/store/rw1sbc7ya3abg2p2fbkpmijzn6ylna9d-curl-8.10.1-bin",
              "default": true
            },
            {
              "name": "man",
              "path": "/nix/store/drvj3jlg5xgngpwzll4djzd54s3b3wd0-curl-8.10.1-man",
              "default": true
            },
            {
              "name": "out",
              "path": "/nix/store/vic96jkyhfvq58bwch08618zg72gdgkz-curl-8.10.1"
            },
            {
              "name": "debug",
              "path": "/nix/store/b7mwv94v6621fr97wmfy4crb6dsqv445-curl-8.10.1-debug"
            },
            {
              "name": "dev",
              "path": "/nix/store/h9ff1kzr3xfijmxqgxjbbmjac29sh9nj-curl-8.10.1-dev"
            },
            {
              "name": "devdoc",
              "path": "/nix/store/chcn09z0kfvzn6qswpkjin9ky6yi9l67-curl-8.10.1-devdoc"
            }
          ],
          "store_path": "/nix/store/rw1sbc7ya3abg2p2fbkpmijzn6ylna9d-curl-8.10.1-bin"
        }
      }
    },
    "diffutils@latest": {
      "last_modified": "2024-11-03T14:18:04Z",
      "resolved": "github:NixOS/nixpkgs/4ae2e647537bcdbb82265469442713d066675275#diffutils",
      "source": "devbox-search",
      "version": "3.10",
      "systems": {
        "aarch64-darwin": {
          "outputs": [
            {
              "name": "out",
              "path": "/nix/store/jaax21mi17ijk3dxx5mn7ralw9sgv4xv-diffutils-3.10",
              "default": true
            },
            {
              "name": "info",
              "path": "/nix/store/yfpblq714vmymjh07rdm3r8v1w77hms2-diffutils-3.10-info"
            }
          ],
          "store_path": "/nix/store/jaax21mi17ijk3dxx5mn7ralw9sgv4xv-diffutils-3.10"
        },
        "aarch64-linux": {
          "outputs": [
            {
              "name": "out",
              "path": "/nix/store/n8bf011lzddprj12cif6nnr38jy1ck7g-diffutils-3.10",
              "default": true
            },
            {
              "name": "info",
              "path": "/nix/store/v1m4anqphcg25bfybik5g0j02dp1yqwr-diffutils-3.10-info"
            }
          ],
          "store_path": "/nix/store/n8bf011lzddprj12cif6nnr38jy1ck7g-diffutils-3.10"
        },
        "x86_64-darwin": {
          "outputs": [
            {
              "name": "out",
              "path": "/nix/store/kh2zly4fclxi8w99wfi7znzpw4lg20x2-diffutils-3.10",
              "default": true
            },
            {
              "name": "info",
              "path": "/nix/store/kadacq3y18bnxard084pasgzilz2d3ap-diffutils-3.10-info"
            }
          ],
          "store_path": "/nix/store/kh2zly4fclxi8w99wfi7znzpw4lg20x2-diffutils-3.10"
        },
        "x86_64-linux": {
          "outputs": [
            {
              "name": "out",
              "path": "/nix/store/alq4bqllykgwrif112yqgrn9g001kn7b-diffutils-3.10",
              "default": true
            },
            {
              "name": "info",
              "path": "/nix/store/r9lkmibwkssbwzzys5bxahmmhdkp98yf-diffutils-3.10-info"
            }
          ],
          "store_path": "/nix/store/alq4bqllykgwrif112yqgrn9g001kn7b-diffutils-3.10"
        }
      }
    },
    "gfortran@latest": {
      "last_modified": "2024-11-03T14:18:04Z",
      "resolved": "github:NixOS/nixpkgs/4ae2e647537bcdbb82265469442713d066675275#gfortran",
      "source": "devbox-search",
      "version": "13.3.0",
      "systems": {
        "aarch64-darwin": {
          "outputs": [
            {
              "name": "out",
              "path": "/nix/store/jqhwj496gafms5yq8xlrm6vvr8145rxc-gfortran-wrapper-13.3.0",
              "default": true
            },
            {
              "name": "man",
              "path": "/nix/store/hm56smgfig74g7fv2m8ahig2f25clkc2-gfortran-wrapper-13.3.0-man",
              "default": true
            },
            {
              "name": "info",
              "path": "/nix/store/6hlnyvn78jizksv14hdp8k41zfpm62cy-gfortran-wrapper-13.3.0-info"
            }
          ],
          "store_path": "/nix/store/jqhwj496gafms5yq8xlrm6vvr8145rxc-gfortran-wrapper-13.3.0"
        },
        "aarch64-linux": {
          "outputs": [
            {
              "name": "out",
              "path": "/nix/store/a8hb36xakjgb8p6gy9ysb6i68iawlwmd-gfortran-wrapper-13.3.0",
              "default": true
            },
            {
              "name": "man",
              "path": "/nix/store/9d90l9zi83kmhrywdsw29z798jvfbvrz-gfortran-wrapper-13.3.0-man",
              "default": true
            },
            {
              "name": "info",
              "path": "/nix/store/q5rzvzh2bk2735n0wri5qfbwp94gi1zy-gfortran-wrapper-13.3.0-info"
            }
          ],
          "store_path": "/nix/store/a8hb36xakjgb8p6gy9ysb6i68iawlwmd-gfortran-wrapper-13.3.0"
        },
        "x86_64-darwin": {
          "outputs": [
            {
              "name": "out",
              "path": "/nix/store/rkir76gl16vy65d58w22n4rr90drw6qf-gfortran-wrapper-13.3.0",
              "default": true
            },
            {
              "name": "man",
              "path": "/nix/store/7q6x1ri071z4cvl3y3l5wi2j20p8shgp-gfortran-wrapper-13.3.0-man",
              "default": true
            },
            {
              "name": "info",
              "path": "/nix/store/7cwg5cqrpw0mxvjip9iaxk9a8fx44dvl-gfortran-wrapper-13.3.0-info"
            }
          ],
          "store_path": "/nix/store/rkir76gl16vy65d58w22n4rr90drw6qf-gfortran-wrapper-13.3.0"
        },
        "x86_64-linux": {
          "outputs": [
            {
              "name": "out",
              "path": "/nix/store/b1vp1lh2y2rcqxmf6nmk7mwz51kp8gb5-gfortran-wrapper-13.3.0",
              "default": true
            },
            {
              "name": "man",
              "path": "/nix/store/1lv9yy6b16ayayih03gj3ygaij34x1px-gfortran-wrapper-13.3.0-man",
              "default": true
            },
            {
              "name": "info",
              "path": "/nix/store/frqmqa94s0033znak6g209i6g0wzka4n-gfortran-wrapper-13.3.0-info"
            }
          ],
          "store_path": "/nix/store/b1vp1lh2y2rcqxmf6nmk7mwz51kp8gb5-gfortran-wrapper-13.3.0"
        }
      }
    },
    "git@latest": {
      "last_modified": "2024-11-03T14:18:04Z",
      "resolved": "github:NixOS/nixpkgs/4ae2e647537bcdbb82265469442713d066675275#git",
      "source": "devbox-search",
      "version": "2.47.0",
      "systems": {
        "aarch64-darwin": {
          "outputs": [
            {
              "name": "out",
              "path": "/nix/store/cyd9di9q6vsdnffn63m75nsnpf425v90-git-2.47.0",
              "default": true
            },
            {
              "name": "doc",
              "path": "/nix/store/gnwfrg822g1bbvpvml0j8n9xyl6ar5ba-git-2.47.0-doc"
            }
          ],
          "store_path": "/nix/store/cyd9di9q6vsdnffn63m75nsnpf425v90-git-2.47.0"
        },
        "aarch64-linux": {
          "outputs": [
            {
              "name": "out",
              "path": "/nix/store/mv9iialik5dplp2aisz57b8p5gxqgf7x-git-2.47.0",
              "default": true
            },
            {
              "name": "doc",
              "path": "/nix/store/yhni7sp17wcmyxs454vyl1pkzl7mjrmw-git-2.47.0-doc"
            },
            {
              "name": "debug",
              "path": "/nix/store/rh25yqlwvhhq88v66n22dvm7rsnhlg57-git-2.47.0-debug"
            }
          ],
          "store_path": "/nix/store/mv9iialik5dplp2aisz57b8p5gxqgf7x-git-2.47.0"
        },
        "x86_64-darwin": {
          "outputs": [
            {
              "name": "out",
              "path": "/nix/store/5c2w03ma8zc4zjszsfhd67xbdhiz40vy-git-2.47.0",
              "default": true
            },
            {
              "name": "doc",
              "path": "/nix/store/dbgivvv0rj7z5c7hkhf4fcy226rkfhp2-git-2.47.0-doc"
            }
          ],
          "store_path": "/nix/store/5c2w03ma8zc4zjszsfhd67xbdhiz40vy-git-2.47.0"
        },
        "x86_64-linux": {
          "outputs": [
            {
              "name": "out",
              "path": "/nix/store/j44p1p9kci9rnrr3aj9a8j8rwvfmg75k-git-2.47.0",
              "default": true
            },
            {
              "name": "debug",
              "path": "/nix/store/z4b92wpp5jqqgsm46hhig3kd50svc50p-git-2.47.0-debug"
            },
            {
              "name": "doc",
              "path": "/nix/store/h2pa58nivani7fx9f9r4q0fpamj89kf7-git-2.47.0-doc"
            }
          ],
          "store_path": "/nix/store/j44p1p9kci9rnrr3aj9a8j8rwvfmg75k-git-2.47.0"
        }
      }
    },
    "github:NixOS/nixpkgs/nixpkgs-unstable": {
      "resolved": "github:NixOS/nixpkgs/3549532663732bfd89993204d40543e9edaec4f2?lastModified=1742272065&narHash=sha256-ud8vcSzJsZ%2FCK%2Br8%2Fv0lyf4yUntVmDq6Z0A41ODfWbE%3D"
    },
    "gnumake@latest": {
      "last_modified": "2024-11-03T14:18:04Z",
      "resolved": "github:NixOS/nixpkgs/4ae2e647537bcdbb82265469442713d066675275#gnumake",
      "source": "devbox-search",
      "version": "4.4.1",
      "systems": {
        "aarch64-darwin": {
          "outputs": [
            {
              "name": "out",
              "path": "/nix/store/jr9m0plz39q5nml33h1n2nyv6qrn8vrw-gnumake-4.4.1",
              "default": true
            },
            {
              "name": "man",
              "path": "/nix/store/7rl7dvf9h7yfsnka8m4ym474jz7qz42z-gnumake-4.4.1-man",
              "default": true
            },
            {
              "name": "info",
              "path": "/nix/store/7ymk0hibymqq1f50gr279pk24v14p5fy-gnumake-4.4.1-info"
            }
          ],
          "store_path": "/nix/store/jr9m0plz39q5nml33h1n2nyv6qrn8vrw-gnumake-4.4.1"
        },
        "aarch64-linux": {
          "outputs": [
            {
              "name": "out",
              "path": "/nix/store/vllk2kz7nwyvyjn1v1ip1234vnxmfkrr-gnumake-4.4.1",
              "default": true
            },
            {
              "name": "man",
              "path": "/nix/store/mxh5l54873x2x7myfwm5zhjyx1cpmi48-gnumake-4.4.1-man",
              "default": true
            },
            {
              "name": "debug",
              "path": "/nix/store/r6qc46dsmzzmkahg7ixsw3kahmbbrjsa-gnumake-4.4.1-debug"
            },
            {
              "name": "info",
              "path": "/nix/store/d0kjw156ljsinlhppdhz1m4jnahx86bh-gnumake-4.4.1-info"
            }
          ],
          "store_path": "/nix/store/vllk2kz7nwyvyjn1v1ip1234vnxmfkrr-gnumake-4.4.1"
        },
        "x86_64-darwin": {
          "outputs": [
            {
              "name": "out",
              "path": "/nix/store/bsgyj981nm8qrj467w1xzp52c4289nca-gnumake-4.4.1",
              "default": true
            },
            {
              "name": "man",
              "path": "/nix/store/261i3jz1vm3c34r2zwzynyfdc0myjzm6-gnumake-4.4.1-man",
              "default": true
            },
            {
              "name": "info",
              "path": "/nix/store/wir23p8wgpgi2xndz6rb15ky1ynd26sc-gnumake-4.4.1-info"
            }
          ],
          "store_path": "/nix/store/bsgyj981nm8qrj467w1xzp52c4289nca-gnumake-4.4.1"
        },
        "x86_64-linux": {
          "outputs": [
            {
              "name": "out",
              "path": "/nix/store/f744fhzw1x6azh095hsfz32iyj4xr1di-gnumake-4.4.1",
              "default": true
            },
            {
              "name": "man",
              "path": "/nix/store/rqjsm3b105i1kxxlvm1imfh1gh6s6ssd-gnumake-4.4.1-man",
              "default": true
            },
            {
              "name": "debug",
              "path": "/nix/store/mhvdybcj445p70gri11ppfdvjm991h4n-gnumake-4.4.1-debug"
            },
            {
              "name": "info",
              "path": "/nix/store/alchdz6afzhc6sala7sz13mhq8mdcxi1-gnumake-4.4.1-info"
            }
          ],
          "store_path": "/nix/store/f744fhzw1x6azh095hsfz32iyj4xr1di-gnumake-4.4.1"
        }
      }
    },
    "neovim@latest": {
      "last_modified": "2024-11-04T15:55:45Z",
      "resolved": "github:NixOS/nixpkgs/a61cd8ff1b45f760bdf142914d517e0ccd31ffed#neovim",
      "source": "devbox-search",
      "version": "0.10.2",
      "systems": {
        "aarch64-darwin": {
          "outputs": [
            {
              "name": "out",
              "path": "/nix/store/g3h03gi8y99m27ky8n6r4a6i562jr6kc-neovim-0.10.2",
              "default": true
            }
          ],
          "store_path": "/nix/store/g3h03gi8y99m27ky8n6r4a6i562jr6kc-neovim-0.10.2"
        },
        "aarch64-linux": {
          "outputs": [
            {
              "name": "out",
              "path": "/nix/store/13p3r5f6zclj60d9jhy9995qab472kiw-neovim-0.10.2",
              "default": true
            }
          ],
          "store_path": "/nix/store/13p3r5f6zclj60d9jhy9995qab472kiw-neovim-0.10.2"
        },
        "x86_64-darwin": {
          "outputs": [
            {
              "name": "out",
              "path": "/nix/store/8nz6hdhsjzb1r7mslc3hx2csc1rjcwrb-neovim-0.10.2",
              "default": true
            }
          ],
          "store_path": "/nix/store/8nz6hdhsjzb1r7mslc3hx2csc1rjcwrb-neovim-0.10.2"
        },
        "x86_64-linux": {
          "outputs": [
            {
              "name": "out",
              "path": "/nix/store/q02d7d55shk3rij4li5bhlbcbbx6a7kk-neovim-0.10.2",
              "default": true
            }
          ],
          "store_path": "/nix/store/q02d7d55shk3rij4li5bhlbcbbx6a7kk-neovim-0.10.2"
        }
      }
    },
    "netcdf@latest": {
      "last_modified": "2024-11-03T14:18:04Z",
      "resolved": "github:NixOS/nixpkgs/4ae2e647537bcdbb82265469442713d066675275#netcdf",
      "source": "devbox-search",
      "version": "4.9.2",
      "systems": {
        "aarch64-darwin": {
          "outputs": [
            {
              "name": "out",
              "path": "/nix/store/a98gm57x60sjjm0az0bx0kv4f98vk64h-netcdf-4.9.2",
              "default": true
            }
          ],
          "store_path": "/nix/store/a98gm57x60sjjm0az0bx0kv4f98vk64h-netcdf-4.9.2"
        },
        "aarch64-linux": {
          "outputs": [
            {
              "name": "out",
              "path": "/nix/store/fzfdjyczadl0219j0jbn04nq19zdn5p9-netcdf-4.9.2",
              "default": true
            }
          ],
          "store_path": "/nix/store/fzfdjyczadl0219j0jbn04nq19zdn5p9-netcdf-4.9.2"
        },
        "x86_64-darwin": {
          "outputs": [
            {
              "name": "out",
              "path": "/nix/store/0rhfmqmxw8x0qyvkx4g03vzjz704c1jx-netcdf-4.9.2",
              "default": true
            }
          ],
          "store_path": "/nix/store/0rhfmqmxw8x0qyvkx4g03vzjz704c1jx-netcdf-4.9.2"
        },
        "x86_64-linux": {
          "outputs": [
            {
              "name": "out",
              "path": "/nix/store/m82pc9r4xx7v6643jsbypdn2xfhj1ld5-netcdf-4.9.2",
              "default": true
            }
          ],
          "store_path": "/nix/store/m82pc9r4xx7v6643jsbypdn2xfhj1ld5-netcdf-4.9.2"
        }
      }
    },
    "netcdffortran@latest": {
      "last_modified": "2024-11-03T14:18:04Z",
      "resolved": "github:NixOS/nixpkgs/4ae2e647537bcdbb82265469442713d066675275#netcdffortran",
      "source": "devbox-search",
      "version": "4.4.5",
      "systems": {
        "aarch64-darwin": {
          "outputs": [
            {
              "name": "out",
              "path": "/nix/store/jf0rq093s6vi8yyadis6lwzbp32plb9g-netcdf-fortran-4.4.5",
              "default": true
            }
          ],
          "store_path": "/nix/store/jf0rq093s6vi8yyadis6lwzbp32plb9g-netcdf-fortran-4.4.5"
        },
        "aarch64-linux": {
          "outputs": [
            {
              "name": "out",
              "path": "/nix/store/s9wd0qikl2hig995hr30m20isgv3bi4z-netcdf-fortran-4.4.5",
              "default": true
            }
          ],
          "store_path": "/nix/store/s9wd0qikl2hig995hr30m20isgv3bi4z-netcdf-fortran-4.4.5"
        },
        "x86_64-darwin": {
          "outputs": [
            {
              "name": "out",
              "path": "/nix/store/8bai5sp51sgcfbnwrrv2jplsh7wlmvn2-netcdf-fortran-4.4.5",
              "default": true
            }
          ],
          "store_path": "/nix/store/8bai5sp51sgcfbnwrrv2jplsh7wlmvn2-netcdf-fortran-4.4.5"
        },
        "x86_64-linux": {
          "outputs": [
            {
              "name": "out",
              "path": "/nix/store/7k4fl5z5axh6q8dpxmv8a7v88w3yzcik-netcdf-fortran-4.4.5",
              "default": true
            }
          ],
          "store_path": "/nix/store/7k4fl5z5axh6q8dpxmv8a7v88w3yzcik-netcdf-fortran-4.4.5"
        }
      }
    },
    "openssh@latest": {
      "last_modified": "2024-11-03T14:18:04Z",
      "resolved": "github:NixOS/nixpkgs/4ae2e647537bcdbb82265469442713d066675275#openssh",
      "source": "devbox-search",
      "version": "9.8p1",
      "systems": {
        "aarch64-darwin": {
          "outputs": [
            {
              "name": "out",
              "path": "/nix/store/c93zws30df61asxfx4lq78czj7f04cs4-openssh-9.8p1",
              "default": true
            }
          ],
          "store_path": "/nix/store/c93zws30df61asxfx4lq78czj7f04cs4-openssh-9.8p1"
        },
        "aarch64-linux": {
          "outputs": [
            {
              "name": "out",
              "path": "/nix/store/j6c2sya4vjc0gkgyvc4ybw7h5nqd6ygx-openssh-9.8p1",
              "default": true
            }
          ],
          "store_path": "/nix/store/j6c2sya4vjc0gkgyvc4ybw7h5nqd6ygx-openssh-9.8p1"
        },
        "x86_64-darwin": {
          "outputs": [
            {
              "name": "out",
              "path": "/nix/store/4paps25qvkmj17f0kp6vpnkyfacrw076-openssh-9.8p1",
              "default": true
            }
          ],
          "store_path": "/nix/store/4paps25qvkmj17f0kp6vpnkyfacrw076-openssh-9.8p1"
        },
        "x86_64-linux": {
          "outputs": [
            {
              "name": "out",
              "path": "/nix/store/m5fbs896qpb0gdbj8wn5l6qzwpyn8n7i-openssh-9.8p1",
              "default": true
            }
          ],
          "store_path": "/nix/store/m5fbs896qpb0gdbj8wn5l6qzwpyn8n7i-openssh-9.8p1"
        }
      }
    },
    "perl538@latest": {
      "last_modified": "2024-11-03T14:18:04Z",
      "resolved": "github:NixOS/nixpkgs/4ae2e647537bcdbb82265469442713d066675275#perl538",
      "source": "devbox-search",
      "version": "5.38.2",
      "systems": {
        "aarch64-darwin": {
          "outputs": [
            {
              "name": "out",
              "path": "/nix/store/qpa8wjwbnb81qqva5v5a4aqs6m7c35s9-perl-5.38.2",
              "default": true
            },
            {
              "name": "man",
              "path": "/nix/store/f2sp31nbpd5f4aba035v4ys97qa827j4-perl-5.38.2-man",
              "default": true
            },
            {
              "name": "devdoc",
              "path": "/nix/store/r708iscqvxdpk1ganklkd9ihzrdfadpv-perl-5.38.2-devdoc"
            }
          ],
          "store_path": "/nix/store/qpa8wjwbnb81qqva5v5a4aqs6m7c35s9-perl-5.38.2"
        },
        "aarch64-linux": {
          "outputs": [
            {
              "name": "out",
              "path": "/nix/store/gdch0j7vmqcmk38xasil7fds2j6s4qnc-perl-5.38.2",
              "default": true
            },
            {
              "name": "man",
              "path": "/nix/store/l32c7yjsvpcc06m1zwv56rp5747sbfwl-perl-5.38.2-man",
              "default": true
            },
            {
              "name": "devdoc",
              "path": "/nix/store/q7i8lrxqzzbwkrsbvqdbywv0ixmlb2k4-perl-5.38.2-devdoc"
            }
          ],
          "store_path": "/nix/store/gdch0j7vmqcmk38xasil7fds2j6s4qnc-perl-5.38.2"
        },
        "x86_64-darwin": {
          "outputs": [
            {
              "name": "out",
              "path": "/nix/store/xrhgrk1rd7rvi6w6hkv2n5mqrpx991kq-perl-5.38.2",
              "default": true
            },
            {
              "name": "man",
              "path": "/nix/store/x1b0bcacxms8s338icbyk7ry9k4hvg8y-perl-5.38.2-man",
              "default": true
            },
            {
              "name": "devdoc",
              "path": "/nix/store/kyd76p5i72gr5bvzzydky8v52wpwdh32-perl-5.38.2-devdoc"
            }
          ],
          "store_path": "/nix/store/xrhgrk1rd7rvi6w6hkv2n5mqrpx991kq-perl-5.38.2"
        },
        "x86_64-linux": {
          "outputs": [
            {
              "name": "out",
              "path": "/nix/store/zc6xg2hqdbgd43sg4y2l0c3x6jd4qnjz-perl-5.38.2",
              "default": true
            },
            {
              "name": "man",
              "path": "/nix/store/wfvrcw5ln0z1gdszsnzss7f1zzzxn6bm-perl-5.38.2-man",
              "default": true
            },
            {
              "name": "devdoc",
              "path": "/nix/store/vdwsl117r4ljsdlzz7050g0f0mcw4s1s-perl-5.38.2-devdoc"
            }
          ],
          "store_path": "/nix/store/zc6xg2hqdbgd43sg4y2l0c3x6jd4qnjz-perl-5.38.2"
        }
      }
    },
    "perl538Packages.ConfigIniFiles@latest": {
      "last_modified": "2024-11-03T14:18:04Z",
      "resolved": "github:NixOS/nixpkgs/4ae2e647537bcdbb82265469442713d066675275#perl538Packages.ConfigIniFiles",
      "source": "devbox-search",
      "version": "3.000003",
      "systems": {
        "aarch64-darwin": {
          "outputs": [
            {
              "name": "out",
              "path": "/nix/store/31i5v9kwrnpaz7y6dqy9x1h14qlpmgmn-perl5.38.2-Config-IniFiles-3.000003",
              "default": true
            },
            {
              "name": "devdoc",
              "path": "/nix/store/7xxp3k0ripyxy5kac09j3sx4k0wf4y6q-perl5.38.2-Config-IniFiles-3.000003-devdoc"
            }
          ],
          "store_path": "/nix/store/31i5v9kwrnpaz7y6dqy9x1h14qlpmgmn-perl5.38.2-Config-IniFiles-3.000003"
        },
        "aarch64-linux": {
          "outputs": [
            {
              "name": "out",
              "path": "/nix/store/2ss1pa3662cnz5pfnjrvii2q3jmiwlnh-perl5.38.2-Config-IniFiles-3.000003",
              "default": true
            },
            {
              "name": "devdoc",
              "path": "/nix/store/4l2vvpih3b0r5275wsq9xivw5k75fpcz-perl5.38.2-Config-IniFiles-3.000003-devdoc"
            }
          ],
          "store_path": "/nix/store/2ss1pa3662cnz5pfnjrvii2q3jmiwlnh-perl5.38.2-Config-IniFiles-3.000003"
        },
        "x86_64-darwin": {
          "outputs": [
            {
              "name": "out",
              "path": "/nix/store/4a2n5s0s22w5krgdqfa224rm9va4h90k-perl5.38.2-Config-IniFiles-3.000003",
              "default": true
            },
            {
              "name": "devdoc",
              "path": "/nix/store/r4mqgbcninca6hsfdimqk2dkgrrnmipa-perl5.38.2-Config-IniFiles-3.000003-devdoc"
            }
          ],
          "store_path": "/nix/store/4a2n5s0s22w5krgdqfa224rm9va4h90k-perl5.38.2-Config-IniFiles-3.000003"
        },
        "x86_64-linux": {
          "outputs": [
            {
              "name": "out",
              "path": "/nix/store/k11lnqa3rbsgkmn0jhi8pb6zj398h78y-perl5.38.2-Config-IniFiles-3.000003",
              "default": true
            },
            {
              "name": "devdoc",
              "path": "/nix/store/3p0s0z0rcr7l5xajq61sw3czh4grsibd-perl5.38.2-Config-IniFiles-3.000003-devdoc"
            }
          ],
          "store_path": "/nix/store/k11lnqa3rbsgkmn0jhi8pb6zj398h78y-perl5.38.2-Config-IniFiles-3.000003"
        }
      }
    },
    "perl538Packages.DBDSQLite@latest": {
      "last_modified": "2024-11-03T14:18:04Z",
      "resolved": "github:NixOS/nixpkgs/4ae2e647537bcdbb82265469442713d066675275#perl538Packages.DBDSQLite",
      "source": "devbox-search",
      "version": "1.74",
      "systems": {
        "aarch64-darwin": {
          "outputs": [
            {
              "name": "out",
              "path": "/nix/store/jzvpz51cnax640m2qj5dan77ibjqbx5f-perl5.38.2-DBD-SQLite-1.74",
              "default": true
            },
            {
              "name": "devdoc",
              "path": "/nix/store/z6bm9g3zsyibsh4zqvg3cfpxmbzsg5jz-perl5.38.2-DBD-SQLite-1.74-devdoc"
            }
          ],
          "store_path": "/nix/store/jzvpz51cnax640m2qj5dan77ibjqbx5f-perl5.38.2-DBD-SQLite-1.74"
        },
        "aarch64-linux": {
          "outputs": [
            {
              "name": "out",
              "path": "/nix/store/ghwbmg3zqyiimh0xbymn04fmmcxnwhmp-perl5.38.2-DBD-SQLite-1.74",
              "default": true
            },
            {
              "name": "devdoc",
              "path": "/nix/store/9f8z4sq8kq328j50l48ifv4w39yd2npj-perl5.38.2-DBD-SQLite-1.74-devdoc"
            }
          ],
          "store_path": "/nix/store/ghwbmg3zqyiimh0xbymn04fmmcxnwhmp-perl5.38.2-DBD-SQLite-1.74"
        },
        "x86_64-darwin": {
          "outputs": [
            {
              "name": "out",
              "path": "/nix/store/9h3im4mbg2ly1vsfrygbskz0cdpphzxx-perl5.38.2-DBD-SQLite-1.74",
              "default": true
            },
            {
              "name": "devdoc",
              "path": "/nix/store/57xlgn1hlzg3iwjhf7yimjcri166f04f-perl5.38.2-DBD-SQLite-1.74-devdoc"
            }
          ],
          "store_path": "/nix/store/9h3im4mbg2ly1vsfrygbskz0cdpphzxx-perl5.38.2-DBD-SQLite-1.74"
        },
        "x86_64-linux": {
          "outputs": [
            {
              "name": "out",
              "path": "/nix/store/b6l535cgnw145sdfdbnl7wlp7zb2rrdc-perl5.38.2-DBD-SQLite-1.74",
              "default": true
            },
            {
              "name": "devdoc",
              "path": "/nix/store/236pv2ksz6f0lz4af7cf08xpai5k8112-perl5.38.2-DBD-SQLite-1.74-devdoc"
            }
          ],
          "store_path": "/nix/store/b6l535cgnw145sdfdbnl7wlp7zb2rrdc-perl5.38.2-DBD-SQLite-1.74"
        }
      }
    },
    "perl538Packages.XMLParser@latest": {
      "last_modified": "2024-11-03T14:18:04Z",
      "resolved": "github:NixOS/nixpkgs/4ae2e647537bcdbb82265469442713d066675275#perl538Packages.XMLParser",
      "source": "devbox-search",
      "version": "2.46",
      "systems": {
        "aarch64-darwin": {
          "outputs": [
            {
              "name": "out",
              "path": "/nix/store/xrm7j4rp25k84997zjkqa3ryw5yxxw7g-perl5.38.2-XML-Parser-2.46",
              "default": true
            },
            {
              "name": "devdoc",
              "path": "/nix/store/4jzwx7dnrazbdd6hr36cy0vh21vhg3w1-perl5.38.2-XML-Parser-2.46-devdoc"
            }
          ],
          "store_path": "/nix/store/xrm7j4rp25k84997zjkqa3ryw5yxxw7g-perl5.38.2-XML-Parser-2.46"
        },
        "aarch64-linux": {
          "outputs": [
            {
              "name": "out",
              "path": "/nix/store/x2sfjjjjmgraizcy2zrx38l4bvhhxdbh-perl5.38.2-XML-Parser-2.46",
              "default": true
            },
            {
              "name": "devdoc",
              "path": "/nix/store/4x7z7b3ff9dm0nv1y6qf7pynvjfzi88v-perl5.38.2-XML-Parser-2.46-devdoc"
            }
          ],
          "store_path": "/nix/store/x2sfjjjjmgraizcy2zrx38l4bvhhxdbh-perl5.38.2-XML-Parser-2.46"
        },
        "x86_64-darwin": {
          "outputs": [
            {
              "name": "out",
              "path": "/nix/store/1m09smms2c7vpg0cd819r0j71dfsqbya-perl5.38.2-XML-Parser-2.46",
              "default": true
            },
            {
              "name": "devdoc",
              "path": "/nix/store/5spqfdxmbcm5appm9va3iabpas2nvih4-perl5.38.2-XML-Parser-2.46-devdoc"
            }
          ],
          "store_path": "/nix/store/1m09smms2c7vpg0cd819r0j71dfsqbya-perl5.38.2-XML-Parser-2.46"
        },
        "x86_64-linux": {
          "outputs": [
            {
              "name": "out",
              "path": "/nix/store/95gpfz6jxfbh18lxbna61h200i85jfr6-perl5.38.2-XML-Parser-2.46",
              "default": true
            },
            {
              "name": "devdoc",
              "path": "/nix/store/n8za9pwgqwc7s9pladi4mkr6qh1zvjm0-perl5.38.2-XML-Parser-2.46-devdoc"
            }
          ],
          "store_path": "/nix/store/95gpfz6jxfbh18lxbna61h200i85jfr6-perl5.38.2-XML-Parser-2.46"
        }
      }
    },
    "python312@latest": {
      "last_modified": "2024-06-12T20:55:33Z",
      "plugin_version": "0.0.4",
      "resolved": "github:NixOS/nixpkgs/a9858885e197f984d92d7fe64e9fff6b2e488d40#python312",
      "source": "devbox-search",
      "version": "3.12.3",
      "systems": {
        "aarch64-darwin": {
          "outputs": [
            {
              "name": "out",
              "path": "/nix/store/65ackbgqn02p6fy75rksjbp17zj6440j-python3-3.12.3",
              "default": true
            }
          ],
          "store_path": "/nix/store/65ackbgqn02p6fy75rksjbp17zj6440j-python3-3.12.3"
        },
        "aarch64-linux": {
          "outputs": [
            {
              "name": "out",
              "path": "/nix/store/59siylp1k9i3ch4d9m3vs5jp5z56b5sg-python3-3.12.3",
              "default": true
            },
            {
              "name": "debug",
              "path": "/nix/store/ji094818a78hrkag26202b21nr5v1pgk-python3-3.12.3-debug"
            }
          ],
          "store_path": "/nix/store/59siylp1k9i3ch4d9m3vs5jp5z56b5sg-python3-3.12.3"
        },
        "x86_64-darwin": {
          "outputs": [
            {
              "name": "out",
              "path": "/nix/store/nrskm5p85y6751k02ih51bpzfag8g5r8-python3-3.12.3",
              "default": true
            }
          ],
          "store_path": "/nix/store/nrskm5p85y6751k02ih51bpzfag8g5r8-python3-3.12.3"
        },
        "x86_64-linux": {
          "outputs": [
            {
              "name": "out",
              "path": "/nix/store/zwvdwiw0zg5liz6lkkkqyab035parhld-python3-3.12.3",
              "default": true
            },
            {
              "name": "debug",
              "path": "/nix/store/wj6mffmpvly3md2hqnq2jj8zrrw5qck9-python3-3.12.3-debug"
            }
          ],
          "store_path": "/nix/store/zwvdwiw0zg5liz6lkkkqyab035parhld-python3-3.12.3"
        }
      }
    },
    "subversion@latest": {
      "last_modified": "2024-11-03T14:18:04Z",
      "resolved": "github:NixOS/nixpkgs/4ae2e647537bcdbb82265469442713d066675275#subversion",
      "source": "devbox-search",
      "version": "1.14.4",
      "systems": {
        "aarch64-darwin": {
          "outputs": [
            {
              "name": "out",
              "path": "/nix/store/126r65kqnw8q2ylc6na819c586wgzx53-subversion-1.14.4",
              "default": true
            },
            {
              "name": "man",
              "path": "/nix/store/090385b1r440f7vdbxvg44p197bzfbi7-subversion-1.14.4-man",
              "default": true
            },
            {
              "name": "dev",
              "path": "/nix/store/xvi8i97wmq9xlrgz78csp0sh29949x4b-subversion-1.14.4-dev"
            }
          ],
          "store_path": "/nix/store/126r65kqnw8q2ylc6na819c586wgzx53-subversion-1.14.4"
        },
        "aarch64-linux": {
          "outputs": [
            {
              "name": "out",
              "path": "/nix/store/6pz2bw906wkv682880zk28bsd702i432-subversion-1.14.4",
              "default": true
            },
            {
              "name": "man",
              "path": "/nix/store/p9fs83ga38qbfnzvwqv67fj3ya6f7zma-subversion-1.14.4-man",
              "default": true
            },
            {
              "name": "dev",
              "path": "/nix/store/2vdigzlkgr81a8cf1x81l2x5gng1ig7j-subversion-1.14.4-dev"
            }
          ],
          "store_path": "/nix/store/6pz2bw906wkv682880zk28bsd702i432-subversion-1.14.4"
        },
        "x86_64-darwin": {
          "outputs": [
            {
              "name": "out",
              "path": "/nix/store/l8c3d18zif2g30b2s2pzr8qf4n7mc4wa-subversion-1.14.4",
              "default": true
            },
            {
              "name": "man",
              "path": "/nix/store/kvmn7mpi2bn5754lbbdmmi4mkwbilzba-subversion-1.14.4-man",
              "default": true
            },
            {
              "name": "dev",
              "path": "/nix/store/4qvc7dcc51jinykn0nkndxgcgjf6pl96-subversion-1.14.4-dev"
            }
          ],
          "store_path": "/nix/store/l8c3d18zif2g30b2s2pzr8qf4n7mc4wa-subversion-1.14.4"
        },
        "x86_64-linux": {
          "outputs": [
            {
              "name": "out",
              "path": "/nix/store/870f67ijsmwz6nlrvcq1dlwfdhnbkwph-subversion-1.14.4",
              "default": true
            },
            {
              "name": "man",
              "path": "/nix/store/80wcrp0y84bkcf1x5sp22zzj7lanfrp1-subversion-1.14.4-man",
              "default": true
            },
            {
              "name": "dev",
              "path": "/nix/store/54c2nza4sd4c7xddgjmhhm396k36qr1q-subversion-1.14.4-dev"
            }
          ],
          "store_path": "/nix/store/870f67ijsmwz6nlrvcq1dlwfdhnbkwph-subversion-1.14.4"
        }
      }
    },
    "which@latest": {
      "last_modified": "2024-11-03T14:18:04Z",
      "resolved": "github:NixOS/nixpkgs/4ae2e647537bcdbb82265469442713d066675275#which",
      "source": "devbox-search",
      "version": "2.21",
      "systems": {
        "aarch64-darwin": {
          "outputs": [
            {
              "name": "out",
              "path": "/nix/store/hic1m3fwn8861yvslz787hcb5snwin9v-which-2.21",
              "default": true
            }
          ],
          "store_path": "/nix/store/hic1m3fwn8861yvslz787hcb5snwin9v-which-2.21"
        },
        "aarch64-linux": {
          "outputs": [
            {
              "name": "out",
              "path": "/nix/store/2s6s2n21n569jaqw3xgmd6kz2xi8xhzj-which-2.21",
              "default": true
            }
          ],
          "store_path": "/nix/store/2s6s2n21n569jaqw3xgmd6kz2xi8xhzj-which-2.21"
        },
        "x86_64-darwin": {
          "outputs": [
            {
              "name": "out",
              "path": "/nix/store/8l2g9mly3428xqca42sjycw3amsgn7bm-which-2.21",
              "default": true
            }
          ],
          "store_path": "/nix/store/8l2g9mly3428xqca42sjycw3amsgn7bm-which-2.21"
        },
        "x86_64-linux": {
          "outputs": [
            {
              "name": "out",
              "path": "/nix/store/s3q45rxjmfvrp8fn2ib4ycynbz6vggk9-which-2.21",
              "default": true
            }
          ],
          "store_path": "/nix/store/s3q45rxjmfvrp8fn2ib4ycynbz6vggk9-which-2.21"
        }
      }
    }
  }
}
